{
  "nodes": {
    "home-manager": {
      "inputs": {
        "nixpkgs": [
          "nixpkgs"
        ],
        "utils": "utils"
      },
      "locked": {
        "lastModified": 1657377017,
        "narHash": "sha256-sqzfL1FV/LBG8BfcH8tYiIox0SDYJEEFiWCoKOgRQ0g=",
        "owner": "nix-community",
        "repo": "home-manager",
        "rev": "8d5b07fc83d579cd196125e698454b4eb4850646",
        "type": "github"
      },
      "original": {
        "owner": "nix-community",
        "repo": "home-manager",
        "type": "github"
      }
    },
    "nixpkgs": {
      "locked": {
        "lastModified": 1657403114,
        "narHash": "sha256-nCffnGXzx3DrQaeFJh+lxXfYN/+AwW99YT4a/ikHaek=",
        "owner": "NixOS",
        "repo": "nixpkgs",
        "rev": "34685a86b0ce6c3990af4dd23451306371985e15",
        "type": "github"
      },
      "original": {
        "owner": "NixOS",
        "repo": "nixpkgs",
        "type": "github"
      }
    },
    "root": {
      "inputs": {
        "home-manager": "home-manager",
        "nixpkgs": "nixpkgs"
      }
    },
    "utils": {
      "locked": {
        "lastModified": 1653893745,
        "narHash": "sha256-0jntwV3Z8//YwuOjzhV2sgJJPt+HY6KhU7VZUL0fKZQ=",
        "owner": "numtide",
        "repo": "flake-utils",
        "rev": "1ed9fb1935d260de5fe1c2f7ee0ebaae17ed2fa1",
        "type": "github"
      },
      "original": {
        "owner": "numtide",
        "repo": "flake-utils",
        "type": "github"
      }
    }
  },
  "root": "root",
  "version": 7
}
